
Microsoft Visual Studio Solution File, Format Version 12.00
# Visual Studio 2013
VisualStudioVersion = 12.0.31101.0
MinimumVisualStudioVersion = 10.0.40219.1
Project("{FAE04EC0-301F-11D3-BF4B-00C04F79EFBC}") = "ScrollingXNA", "ScrollingXNA\ScrollingXNA\ScrollingXNA.csproj", "{2141D629-8FBE-4920-BB4A-6F5646C74C27}"
EndProject
Project("{96E2B04D-8817-42C6-938A-82C39BA4D311}") = "ScrollingXNAContent", "ScrollingXNA\ScrollingXNAContent\ScrollingXNAContent.contentproj", "{702E57D1-E746-4CE1-8F22-DDE8F4B14175}"
EndProject
Global
	GlobalSection(SolutionConfigurationPlatforms) = preSolution
		Debug|x86 = Debug|x86
		Release|x86 = Release|x86
	EndGlobalSection
	GlobalSection(ProjectConfigurationPlatforms) = postSolution
		{2141D629-8FBE-4920-BB4A-6F5646C74C27}.Debug|x86.ActiveCfg = Debug|x86
		{2141D629-8FBE-4920-BB4A-6F5646C74C27}.Debug|x86.Build.0 = Debug|x86
		{2141D629-8FBE-4920-BB4A-6F5646C74C27}.Release|x86.ActiveCfg = Release|x86
		{2141D629-8FBE-4920-BB4A-6F5646C74C27}.Release|x86.Build.0 = Release|x86
		{702E57D1-E746-4CE1-8F22-DDE8F4B14175}.Debug|x86.ActiveCfg = Debug|x86
		{702E57D1-E746-4CE1-8F22-DDE8F4B14175}.Release|x86.ActiveCfg = Release|x86
	EndGlobalSection
	GlobalSection(SolutionProperties) = preSolution
		HideSolutionNode = FALSE
	EndGlobalSection
EndGlobal
